
Microsoft Visual Studio Solution File, Format Version 12.00
Project("{FAE04EC0-301F-11D3-BF4B-00C04F79EFBC}") = "UI", "UI\UI.csproj", "{EE1BC241-C93C-406C-9395-10D0C834C2A0}"
EndProject
Project("{FAE04EC0-301F-11D3-BF4B-00C04F79EFBC}") = "ViewModel", "ViewModel\ViewModel.csproj", "{818C1B48-0033-4366-8E8C-243BE7ACCCF0}"
EndProject
Global
	GlobalSection(SolutionConfigurationPlatforms) = preSolution
		Debug|Any CPU = Debug|Any CPU
		Release|Any CPU = Release|Any CPU
	EndGlobalSection
	GlobalSection(ProjectConfigurationPlatforms) = postSolution
		{EE1BC241-C93C-406C-9395-10D0C834C2A0}.Debug|Any CPU.ActiveCfg = Debug|Any CPU
		{EE1BC241-C93C-406C-9395-10D0C834C2A0}.Debug|Any CPU.Build.0 = Debug|Any CPU
		{EE1BC241-C93C-406C-9395-10D0C834C2A0}.Release|Any CPU.ActiveCfg = Release|Any CPU
		{EE1BC241-C93C-406C-9395-10D0C834C2A0}.Release|Any CPU.Build.0 = Release|Any CPU
		{818C1B48-0033-4366-8E8C-243BE7ACCCF0}.Debug|Any CPU.ActiveCfg = Debug|Any CPU
		{818C1B48-0033-4366-8E8C-243BE7ACCCF0}.Debug|Any CPU.Build.0 = Debug|Any CPU
		{818C1B48-0033-4366-8E8C-243BE7ACCCF0}.Release|Any CPU.ActiveCfg = Release|Any CPU
		{818C1B48-0033-4366-8E8C-243BE7ACCCF0}.Release|Any CPU.Build.0 = Release|Any CPU
	EndGlobalSection
EndGlobal
